// !$*UTF8*$!
{
	archiveVersion = 1;
	classes = {
	};
	objectVersion = 46;
	objects = {

/* Begin PBXBuildFile section */
		27342BA21CE653E300020429 /* AppDelegate.swift in Sources */ = {isa = PBXBuildFile; fileRef = 27342BA11CE653E300020429 /* AppDelegate.swift */; };
		27342BA41CE653E300020429 /* ViewController.swift in Sources */ = {isa = PBXBuildFile; fileRef = 27342BA31CE653E300020429 /* ViewController.swift */; };
		27342BA71CE653E300020429 /* Main.storyboard in Resources */ = {isa = PBXBuildFile; fileRef = 27342BA51CE653E300020429 /* Main.storyboard */; };
		27342BA91CE653E300020429 /* Assets.xcassets in Resources */ = {isa = PBXBuildFile; fileRef = 27342BA81CE653E300020429 /* Assets.xcassets */; };
		27342BAC1CE653E300020429 /* LaunchScreen.storyboard in Resources */ = {isa = PBXBuildFile; fileRef = 27342BAA1CE653E300020429 /* LaunchScreen.storyboard */; };
		27342BB61CE6544E00020429 /* ViewUtils.m in Sources */ = {isa = PBXBuildFile; fileRef = 27342BB51CE6544E00020429 /* ViewUtils.m */; };
		27342BBB1CE6545B00020429 /* UIImage+Crop.m in Sources */ = {isa = PBXBuildFile; fileRef = 27342BB81CE6545B00020429 /* UIImage+Crop.m */; };
		27342BBC1CE6545B00020429 /* UIImage+Resize.m in Sources */ = {isa = PBXBuildFile; fileRef = 27342BBA1CE6545B00020429 /* UIImage+Resize.m */; };
		27342BBF1CE6546200020429 /* UIImage+FixOrientation.m in Sources */ = {isa = PBXBuildFile; fileRef = 27342BBE1CE6546200020429 /* UIImage+FixOrientation.m */; };
		27342BC21CE6547300020429 /* LLSimpleCamera.m in Sources */ = {isa = PBXBuildFile; fileRef = 27342BC11CE6547300020429 /* LLSimpleCamera.m */; };
		27342BC51CE654E200020429 /* PresentVideoViewController.swift in Sources */ = {isa = PBXBuildFile; fileRef = 27342BC41CE654E200020429 /* PresentVideoViewController.swift */; };
/* End PBXBuildFile section */

/* Begin PBXFileReference section */
		27342B9E1CE653E300020429 /* SimpleCamera.app */ = {isa = PBXFileReference; explicitFileType = wrapper.application; includeInIndex = 0; path = SimpleCamera.app; sourceTree = BUILT_PRODUCTS_DIR; };
		27342BA11CE653E300020429 /* AppDelegate.swift */ = {isa = PBXFileReference; lastKnownFileType = sourcecode.swift; path = AppDelegate.swift; sourceTree = "<group>"; };
		27342BA31CE653E300020429 /* ViewController.swift */ = {isa = PBXFileReference; lastKnownFileType = sourcecode.swift; path = ViewController.swift; sourceTree = "<group>"; };
		27342BA61CE653E300020429 /* Base */ = {isa = PBXFileReference; lastKnownFileType = file.storyboard; name = Base; path = Base.lproj/Main.storyboard; sourceTree = "<group>"; };
		27342BA81CE653E300020429 /* Assets.xcassets */ = {isa = PBXFileReference; lastKnownFileType = folder.assetcatalog; path = Assets.xcassets; sourceTree = "<group>"; };
		27342BAB1CE653E300020429 /* Base */ = {isa = PBXFileReference; lastKnownFileType = file.storyboard; name = Base; path = Base.lproj/LaunchScreen.storyboard; sourceTree = "<group>"; };
		27342BAD1CE653E300020429 /* Info.plist */ = {isa = PBXFileReference; lastKnownFileType = text.plist.xml; path = Info.plist; sourceTree = "<group>"; };
		27342BB31CE6544D00020429 /* SimpleCamera-Bridging-Header.h */ = {isa = PBXFileReference; lastKnownFileType = sourcecode.c.h; path = "SimpleCamera-Bridging-Header.h"; sourceTree = "<group>"; };
		27342BB41CE6544E00020429 /* ViewUtils.h */ = {isa = PBXFileReference; fileEncoding = 4; lastKnownFileType = sourcecode.c.h; path = ViewUtils.h; sourceTree = "<group>"; };
		27342BB51CE6544E00020429 /* ViewUtils.m */ = {isa = PBXFileReference; fileEncoding = 4; lastKnownFileType = sourcecode.c.objc; path = ViewUtils.m; sourceTree = "<group>"; };
		27342BB71CE6545B00020429 /* UIImage+Crop.h */ = {isa = PBXFileReference; fileEncoding = 4; lastKnownFileType = sourcecode.c.h; path = "UIImage+Crop.h"; sourceTree = "<group>"; };
		27342BB81CE6545B00020429 /* UIImage+Crop.m */ = {isa = PBXFileReference; fileEncoding = 4; lastKnownFileType = sourcecode.c.objc; path = "UIImage+Crop.m"; sourceTree = "<group>"; };
		27342BB91CE6545B00020429 /* UIImage+Resize.h */ = {isa = PBXFileReference; fileEncoding = 4; lastKnownFileType = sourcecode.c.h; path = "UIImage+Resize.h"; sourceTree = "<group>"; };
		27342BBA1CE6545B00020429 /* UIImage+Resize.m */ = {isa = PBXFileReference; fileEncoding = 4; lastKnownFileType = sourcecode.c.objc; path = "UIImage+Resize.m"; sourceTree = "<group>"; };
		27342BBD1CE6546200020429 /* UIImage+FixOrientation.h */ = {isa = PBXFileReference; fileEncoding = 4; lastKnownFileType = sourcecode.c.h; path = "UIImage+FixOrientation.h"; sourceTree = "<group>"; };
		27342BBE1CE6546200020429 /* UIImage+FixOrientation.m */ = {isa = PBXFileReference; fileEncoding = 4; lastKnownFileType = sourcecode.c.objc; path = "UIImage+FixOrientation.m"; sourceTree = "<group>"; };
		27342BC01CE6547300020429 /* LLSimpleCamera.h */ = {isa = PBXFileReference; fileEncoding = 4; lastKnownFileType = sourcecode.c.h; path = LLSimpleCamera.h; sourceTree = "<group>"; };
		27342BC11CE6547300020429 /* LLSimpleCamera.m */ = {isa = PBXFileReference; fileEncoding = 4; lastKnownFileType = sourcecode.c.objc; path = LLSimpleCamera.m; sourceTree = "<group>"; };
		27342BC41CE654E200020429 /* PresentVideoViewController.swift */ = {isa = PBXFileReference; fileEncoding = 4; lastKnownFileType = sourcecode.swift; path = PresentVideoViewController.swift; sourceTree = "<group>"; };
/* End PBXFileReference section */

/* Begin PBXFrameworksBuildPhase section */
		27342B9B1CE653E300020429 /* Frameworks */ = {
			isa = PBXFrameworksBuildPhase;
			buildActionMask = 2147483647;
			files = (
			);
			runOnlyForDeploymentPostprocessing = 0;
		};
/* End PBXFrameworksBuildPhase section */

/* Begin PBXGroup section */
		27342B951CE653E300020429 = {
			isa = PBXGroup;
			children = (
				27342BA01CE653E300020429 /* SimpleCamera */,
				27342B9F1CE653E300020429 /* Products */,
			);
			sourceTree = "<group>";
		};
		27342B9F1CE653E300020429 /* Products */ = {
			isa = PBXGroup;
			children = (
				27342B9E1CE653E300020429 /* SimpleCamera.app */,
			);
			name = Products;
			sourceTree = "<group>";
		};
		27342BA01CE653E300020429 /* SimpleCamera */ = {
			isa = PBXGroup;
			children = (
				27342BA11CE653E300020429 /* AppDelegate.swift */,
				27342BA31CE653E300020429 /* ViewController.swift */,
				27342BC41CE654E200020429 /* PresentVideoViewController.swift */,
				27342BC31CE6548900020429 /* Obj-C frameworks */,
				27342BA51CE653E300020429 /* Main.storyboard */,
				27342BA81CE653E300020429 /* Assets.xcassets */,
				27342BAA1CE653E300020429 /* LaunchScreen.storyboard */,
				27342BAD1CE653E300020429 /* Info.plist */,
				27342BB31CE6544D00020429 /* SimpleCamera-Bridging-Header.h */,
			);
			path = SimpleCamera;
			sourceTree = "<group>";
		};
		27342BC31CE6548900020429 /* Obj-C frameworks */ = {
			isa = PBXGroup;
			children = (
				27342BC01CE6547300020429 /* LLSimpleCamera.h */,
				27342BC11CE6547300020429 /* LLSimpleCamera.m */,
				27342BB41CE6544E00020429 /* ViewUtils.h */,
				27342BB51CE6544E00020429 /* ViewUtils.m */,
				27342BB71CE6545B00020429 /* UIImage+Crop.h */,
				27342BB81CE6545B00020429 /* UIImage+Crop.m */,
				27342BB91CE6545B00020429 /* UIImage+Resize.h */,
				27342BBA1CE6545B00020429 /* UIImage+Resize.m */,
				27342BBD1CE6546200020429 /* UIImage+FixOrientation.h */,
				27342BBE1CE6546200020429 /* UIImage+FixOrientation.m */,
			);
			name = "Obj-C frameworks";
			sourceTree = "<group>";
		};
/* End PBXGroup section */

/* Begin PBXNativeTarget section */
		27342B9D1CE653E300020429 /* SimpleCamera */ = {
			isa = PBXNativeTarget;
			buildConfigurationList = 27342BB01CE653E300020429 /* Build configuration list for PBXNativeTarget "SimpleCamera" */;
			buildPhases = (
				27342B9A1CE653E300020429 /* Sources */,
				27342B9B1CE653E300020429 /* Frameworks */,
				27342B9C1CE653E300020429 /* Resources */,
			);
			buildRules = (
			);
			dependencies = (
			);
			name = SimpleCamera;
			productName = SimpleCamera;
			productReference = 27342B9E1CE653E300020429 /* SimpleCamera.app */;
			productType = "com.apple.product-type.application";
		};
/* End PBXNativeTarget section */

/* Begin PBXProject section */
		27342B961CE653E300020429 /* Project object */ = {
			isa = PBXProject;
			attributes = {
				LastSwiftUpdateCheck = 0730;
				LastUpgradeCheck = 0730;
				ORGANIZATIONNAME = "Ethan Hess";
				TargetAttributes = {
					27342B9D1CE653E300020429 = {
						CreatedOnToolsVersion = 7.3;
					};
				};
			};
			buildConfigurationList = 27342B991CE653E300020429 /* Build configuration list for PBXProject "SimpleCamera" */;
			compatibilityVersion = "Xcode 3.2";
			developmentRegion = English;
			hasScannedForEncodings = 0;
			knownRegions = (
				en,
				Base,
			);
			mainGroup = 27342B951CE653E300020429;
			productRefGroup = 27342B9F1CE653E300020429 /* Products */;
			projectDirPath = "";
			projectRoot = "";
			targets = (
				27342B9D1CE653E300020429 /* SimpleCamera */,
			);
		};
/* End PBXProject section */

/* Begin PBXResourcesBuildPhase section */
		27342B9C1CE653E300020429 /* Resources */ = {
			isa = PBXResourcesBuildPhase;
			buildActionMask = 2147483647;
			files = (
				27342BAC1CE653E300020429 /* LaunchScreen.storyboard in Resources */,
				27342BA91CE653E300020429 /* Assets.xcassets in Resources */,
				27342BA71CE653E300020429 /* Main.storyboard in Resources */,
			);
			runOnlyForDeploymentPostprocessing = 0;
		};
/* End PBXResourcesBuildPhase section */

/* Begin PBXSourcesBuildPhase section */
		27342B9A1CE653E300020429 /* Sources */ = {
			isa = PBXSourcesBuildPhase;
			buildActionMask = 2147483647;
			files = (
				27342BB61CE6544E00020429 /* ViewUtils.m in Sources */,
				27342BC21CE6547300020429 /* LLSimpleCamera.m in Sources */,
				27342BBB1CE6545B00020429 /* UIImage+Crop.m in Sources */,
				27342BA41CE653E300020429 /* ViewController.swift in Sources */,
				27342BC51CE654E200020429 /* PresentVideoViewController.swift in Sources */,
				27342BA21CE653E300020429 /* AppDelegate.swift in Sources */,
				27342BBF1CE6546200020429 /* UIImage+FixOrientation.m in Sources */,
				27342BBC1CE6545B00020429 /* UIImage+Resize.m in Sources */,
			);
			runOnlyForDeploymentPostprocessing = 0;
		};
/* End PBXSourcesBuildPhase section */

/* Begin PBXVariantGroup section */
		27342BA51CE653E300020429 /* Main.storyboard */ = {
			isa = PBXVariantGroup;
			children = (
				27342BA61CE653E300020429 /* Base */,
			);
			name = Main.storyboard;
			sourceTree = "<group>";
		};
		27342BAA1CE653E300020429 /* LaunchScreen.storyboard */ = {
			isa = PBXVariantGroup;
			children = (
				27342BAB1CE653E300020429 /* Base */,
			);
			name = LaunchScreen.storyboard;
			sourceTree = "<group>";
		};
/* End PBXVariantGroup section */

/* Begin XCBuildConfiguration section */
		27342BAE1CE653E300020429 /* Debug */ = {
			isa = XCBuildConfiguration;
			buildSettings = {
				ALWAYS_SEARCH_USER_PATHS = NO;
				CLANG_ANALYZER_NONNULL = YES;
				CLANG_CXX_LANGUAGE_STANDARD = "gnu++0x";
				CLANG_CXX_LIBRARY = "libc++";
				CLANG_ENABLE_MODULES = YES;
				CLANG_ENABLE_OBJC_ARC = YES;
				CLANG_WARN_BOOL_CONVERSION = YES;
				CLANG_WARN_CONSTANT_CONVERSION = YES;
				CLANG_WARN_DIRECT_OBJC_ISA_USAGE = YES_ERROR;
				CLANG_WARN_EMPTY_BODY = YES;
				CLANG_WARN_ENUM_CONVERSION = YES;
				CLANG_WARN_INT_CONVERSION = YES;
				CLANG_WARN_OBJC_ROOT_CLASS = YES_ERROR;
				CLANG_WARN_UNREACHABLE_CODE = YES;
				CLANG_WARN__DUPLICATE_METHOD_MATCH = YES;
				"CODE_SIGN_IDENTITY[sdk=iphoneos*]" = "iPhone Developer";
				COPY_PHASE_STRIP = NO;
				DEBUG_INFORMATION_FORMAT = dwarf;
				ENABLE_STRICT_OBJC_MSGSEND = YES;
				ENABLE_TESTABILITY = YES;
				GCC_C_LANGUAGE_STANDARD = gnu99;
				GCC_DYNAMIC_NO_PIC = NO;
				GCC_NO_COMMON_BLOCKS = YES;
				GCC_OPTIMIZATION_LEVEL = 0;
				GCC_PREPROCESSOR_DEFINITIONS = (
					"DEBUG=1",
					"$(inherited)",
				);
				GCC_WARN_64_TO_32_BIT_CONVERSION = YES;
				GCC_WARN_ABOUT_RETURN_TYPE = YES_ERROR;
				GCC_WARN_UNDECLARED_SELECTOR = YES;
				GCC_WARN_UNINITIALIZED_AUTOS = YES_AGGRESSIVE;
				GCC_WARN_UNUSED_FUNCTION = YES;
				GCC_WARN_UNUSED_VARIABLE = YES;
				IPHONEOS_DEPLOYMENT_TARGET = 9.3;
				MTL_ENABLE_DEBUG_INFO = YES;
				ONLY_ACTIVE_ARCH = YES;
				SDKROOT = iphoneos;
				SWIFT_OPTIMIZATION_LEVEL = "-Onone";
			};
			name = Debug;
		};
		27342BAF1CE653E300020429 /* Release */ = {
			isa = XCBuildConfiguration;
			buildSettings = {
				ALWAYS_SEARCH_USER_PATHS = NO;
				CLANG_ANALYZER_NONNULL = YES;
				CLANG_CXX_LANGUAGE_STANDARD = "gnu++0x";
				CLANG_CXX_LIBRARY = "libc++";
				CLANG_ENABLE_MODULES = YES;
				CLANG_ENABLE_OBJC_ARC = YES;
				CLANG_WARN_BOOL_CONVERSION = YES;
				CLANG_WARN_CONSTANT_CONVERSION = YES;
				CLANG_WARN_DIRECT_OBJC_ISA_USAGE = YES_ERROR;
				CLANG_WARN_EMPTY_BODY = YES;
				CLANG_WARN_ENUM_CONVERSION = YES;
				CLANG_WARN_INT_CONVERSION = YES;
				CLANG_WARN_OBJC_ROOT_CLASS = YES_ERROR;
				CLANG_WARN_UNREACHABLE_CODE = YES;
				CLANG_WARN__DUPLICATE_METHOD_MATCH = YES;
				"CODE_SIGN_IDENTITY[sdk=iphoneos*]" = "iPhone Developer";
				COPY_PHASE_STRIP = NO;
				DEBUG_INFORMATION_FORMAT = "dwarf-with-dsym";
				ENABLE_NS_ASSERTIONS = NO;
				ENABLE_STRICT_OBJC_MSGSEND = YES;
				GCC_C_LANGUAGE_STANDARD = gnu99;
				GCC_NO_COMMON_BLOCKS = YES;
				GCC_WARN_64_TO_32_BIT_CONVERSION = YES;
				GCC_WARN_ABOUT_RETURN_TYPE = YES_ERROR;
				GCC_WARN_UNDECLARED_SELECTOR = YES;
				GCC_WARN_UNINITIALIZED_AUTOS = YES_AGGRESSIVE;
				GCC_WARN_UNUSED_FUNCTION = YES;
				GCC_WARN_UNUSED_VARIABLE = YES;
				IPHONEOS_DEPLOYMENT_TARGET = 9.3;
				MTL_ENABLE_DEBUG_INFO = NO;
				SDKROOT = iphoneos;
				VALIDATE_PRODUCT = YES;
			};
			name = Release;
		};
		27342BB11CE653E300020429 /* Debug */ = {
			isa = XCBuildConfiguration;
			buildSettings = {
				ASSETCATALOG_COMPILER_APPICON_NAME = AppIcon;
				CLANG_ENABLE_MODULES = YES;
				INFOPLIST_FILE = SimpleCamera/Info.plist;
				IPHONEOS_DEPLOYMENT_TARGET = 9.0;
				LD_RUNPATH_SEARCH_PATHS = "$(inherited) @executable_path/Frameworks";
				PRODUCT_BUNDLE_IDENTIFIER = com.devmountain.SimpleCamera;
				PRODUCT_NAME = "$(TARGET_NAME)";
				SWIFT_OBJC_BRIDGING_HEADER = "SimpleCamera/SimpleCamera-Bridging-Header.h";
				SWIFT_OPTIMIZATION_LEVEL = "-Onone";
			};
			name = Debug;
		};
		27342BB21CE653E300020429 /* Release */ = {
			isa = XCBuildConfiguration;
			buildSettings = {
				ASSETCATALOG_COMPILER_APPICON_NAME = AppIcon;
				CLANG_ENABLE_MODULES = YES;
				INFOPLIST_FILE = SimpleCamera/Info.plist;
				IPHONEOS_DEPLOYMENT_TARGET = 9.0;
				LD_RUNPATH_SEARCH_PATHS = "$(inherited) @executable_path/Frameworks";
				PRODUCT_BUNDLE_IDENTIFIER = com.devmountain.SimpleCamera;
				PRODUCT_NAME = "$(TARGET_NAME)";
				SWIFT_OBJC_BRIDGING_HEADER = "SimpleCamera/SimpleCamera-Bridging-Header.h";
			};
			name = Release;
		};
/* End XCBuildConfiguration section */

/* Begin XCConfigurationList section */
		27342B991CE653E300020429 /* Build configuration list for PBXProject "SimpleCamera" */ = {
			isa = XCConfigurationList;
			buildConfigurations = (
				27342BAE1CE653E300020429 /* Debug */,
				27342BAF1CE653E300020429 /* Release */,
			);
			defaultConfigurationIsVisible = 0;
			defaultConfigurationName = Release;
		};
		27342BB01CE653E300020429 /* Build configuration list for PBXNativeTarget "SimpleCamera" */ = {
			isa = XCConfigurationList;
			buildConfigurations = (
				27342BB11CE653E300020429 /* Debug */,
				27342BB21CE653E300020429 /* Release */,
			);
			defaultConfigurationIsVisible = 0;
		};
/* End XCConfigurationList section */
	};
	rootObject = 27342B961CE653E300020429 /* Project object */;
}
